// !$*UTF8*$!
{
	archiveVersion = 1;
	classes = {
	};
	objectVersion = 56;
	objects = {

/* Begin PBXBuildFile section */
		0C09635C2BFE7ADB001A5135 /* HabitEggButton.swift in Sources */ = {isa = PBXBuildFile; fileRef = 0C09635B2BFE7ADB001A5135 /* HabitEggButton.swift */; };
		0C4A51672C3BC60600E8B007 /* SettingsView.swift in Sources */ = {isa = PBXBuildFile; fileRef = 0C4A51662C3BC60600E8B007 /* SettingsView.swift */; };
		0C4A51692C3D655600E8B007 /* HabitInfoView.swift in Sources */ = {isa = PBXBuildFile; fileRef = 0C4A51682C3D655600E8B007 /* HabitInfoView.swift */; };
		0C4A516B2C3F9C6900E8B007 /* SettingsEggElement.swift in Sources */ = {isa = PBXBuildFile; fileRef = 0C4A516A2C3F9C6900E8B007 /* SettingsEggElement.swift */; };
		0C4A51712C4B260400E8B007 /* EggDeletionConfirmationView.swift in Sources */ = {isa = PBXBuildFile; fileRef = 0C4A51702C4B260400E8B007 /* EggDeletionConfirmationView.swift */; };
		0C5626A22C328C8F0014FBCA /* MultiGestureButton.swift in Sources */ = {isa = PBXBuildFile; fileRef = 0C5626A12C328C8F0014FBCA /* MultiGestureButton.swift */; };
		0C6415362C3650BC000B2776 /* HabitViewModel.swift in Sources */ = {isa = PBXBuildFile; fileRef = 0C6415352C3650BC000B2776 /* HabitViewModel.swift */; };
		0CABD85D2C0E71C400282FAF /* SplashScreenView.swift in Sources */ = {isa = PBXBuildFile; fileRef = 0CABD85C2C0E71C400282FAF /* SplashScreenView.swift */; };
		0CABD8672C0E748E00282FAF /* Inika-Regular.ttf in Resources */ = {isa = PBXBuildFile; fileRef = 0CABD8662C0E748E00282FAF /* Inika-Regular.ttf */; };
		0CABD86C2C0E761900282FAF /* Inika-Bold.ttf in Resources */ = {isa = PBXBuildFile; fileRef = 0CABD86B2C0E761900282FAF /* Inika-Bold.ttf */; };
		0CABD86E2C105C5E00282FAF /* HabitLaunchScreen.swift in Sources */ = {isa = PBXBuildFile; fileRef = 0CABD86D2C105C5E00282FAF /* HabitLaunchScreen.swift */; };
		0CDB6B3E2BF98AFD00871BCF /* habit_hatchersApp.swift in Sources */ = {isa = PBXBuildFile; fileRef = 0CDB6B3D2BF98AFD00871BCF /* habit_hatchersApp.swift */; };
		0CDB6B402BF98AFD00871BCF /* ContentView.swift in Sources */ = {isa = PBXBuildFile; fileRef = 0CDB6B3F2BF98AFD00871BCF /* ContentView.swift */; };
		0CDB6B422BF98AFE00871BCF /* Assets.xcassets in Resources */ = {isa = PBXBuildFile; fileRef = 0CDB6B412BF98AFE00871BCF /* Assets.xcassets */; };
		0CDB6B452BF98AFE00871BCF /* Preview Assets.xcassets in Resources */ = {isa = PBXBuildFile; fileRef = 0CDB6B442BF98AFE00871BCF /* Preview Assets.xcassets */; };
		0CDB6B4F2BF98AFE00871BCF /* habit_hatchersTests.swift in Sources */ = {isa = PBXBuildFile; fileRef = 0CDB6B4E2BF98AFE00871BCF /* habit_hatchersTests.swift */; };
		0CDB6B592BF98AFE00871BCF /* habit_hatchersUITests.swift in Sources */ = {isa = PBXBuildFile; fileRef = 0CDB6B582BF98AFE00871BCF /* habit_hatchersUITests.swift */; };
		0CDB6B5B2BF98AFE00871BCF /* habit_hatchersUITestsLaunchTests.swift in Sources */ = {isa = PBXBuildFile; fileRef = 0CDB6B5A2BF98AFE00871BCF /* habit_hatchersUITestsLaunchTests.swift */; };
		0CDF802D2C33CBB50064FCA6 /* Habit.swift in Sources */ = {isa = PBXBuildFile; fileRef = 0CDF802C2C33CBB50064FCA6 /* Habit.swift */; };
		0CDF80352C3521850064FCA6 /* AddEggView.swift in Sources */ = {isa = PBXBuildFile; fileRef = 0CDF80342C3521850064FCA6 /* AddEggView.swift */; };
		0CDF803D2C3648430064FCA6 /* FileUtils.swift in Sources */ = {isa = PBXBuildFile; fileRef = 0CDF803C2C3648430064FCA6 /* FileUtils.swift */; };
		0CE068AF2C55286C00078176 /* NotificationHandler.swift in Sources */ = {isa = PBXBuildFile; fileRef = 0CE068AE2C55286C00078176 /* NotificationHandler.swift */; };
/* End PBXBuildFile section */

/* Begin PBXContainerItemProxy section */
		0CDB6B4B2BF98AFE00871BCF /* PBXContainerItemProxy */ = {
			isa = PBXContainerItemProxy;
			containerPortal = 0CDB6B322BF98AFD00871BCF /* Project object */;
			proxyType = 1;
			remoteGlobalIDString = 0CDB6B392BF98AFD00871BCF;
			remoteInfo = "habit-hatchers";
		};
		0CDB6B552BF98AFE00871BCF /* PBXContainerItemProxy */ = {
			isa = PBXContainerItemProxy;
			containerPortal = 0CDB6B322BF98AFD00871BCF /* Project object */;
			proxyType = 1;
			remoteGlobalIDString = 0CDB6B392BF98AFD00871BCF;
			remoteInfo = "habit-hatchers";
		};
/* End PBXContainerItemProxy section */

/* Begin PBXFileReference section */
		0C09635B2BFE7ADB001A5135 /* HabitEggButton.swift */ = {isa = PBXFileReference; lastKnownFileType = sourcecode.swift; path = HabitEggButton.swift; sourceTree = "<group>"; };
		0C4A51662C3BC60600E8B007 /* SettingsView.swift */ = {isa = PBXFileReference; lastKnownFileType = sourcecode.swift; path = SettingsView.swift; sourceTree = "<group>"; };
		0C4A51682C3D655600E8B007 /* HabitInfoView.swift */ = {isa = PBXFileReference; lastKnownFileType = sourcecode.swift; path = HabitInfoView.swift; sourceTree = "<group>"; };
		0C4A516A2C3F9C6900E8B007 /* SettingsEggElement.swift */ = {isa = PBXFileReference; lastKnownFileType = sourcecode.swift; path = SettingsEggElement.swift; sourceTree = "<group>"; };
		0C4A51702C4B260400E8B007 /* EggDeletionConfirmationView.swift */ = {isa = PBXFileReference; lastKnownFileType = sourcecode.swift; path = EggDeletionConfirmationView.swift; sourceTree = "<group>"; };
		0C5626A12C328C8F0014FBCA /* MultiGestureButton.swift */ = {isa = PBXFileReference; lastKnownFileType = sourcecode.swift; path = MultiGestureButton.swift; sourceTree = "<group>"; };
		0C6415352C3650BC000B2776 /* HabitViewModel.swift */ = {isa = PBXFileReference; lastKnownFileType = sourcecode.swift; path = HabitViewModel.swift; sourceTree = "<group>"; };
		0CABD85C2C0E71C400282FAF /* SplashScreenView.swift */ = {isa = PBXFileReference; lastKnownFileType = sourcecode.swift; path = SplashScreenView.swift; sourceTree = "<group>"; };
		0CABD8662C0E748E00282FAF /* Inika-Regular.ttf */ = {isa = PBXFileReference; lastKnownFileType = file; path = "Inika-Regular.ttf"; sourceTree = "<group>"; };
		0CABD86A2C0E751200282FAF /* Info.plist */ = {isa = PBXFileReference; lastKnownFileType = text.plist; path = Info.plist; sourceTree = "<group>"; };
		0CABD86B2C0E761900282FAF /* Inika-Bold.ttf */ = {isa = PBXFileReference; lastKnownFileType = file; path = "Inika-Bold.ttf"; sourceTree = "<group>"; };
		0CABD86D2C105C5E00282FAF /* HabitLaunchScreen.swift */ = {isa = PBXFileReference; lastKnownFileType = sourcecode.swift; path = HabitLaunchScreen.swift; sourceTree = "<group>"; };
		0CDB6B3A2BF98AFD00871BCF /* Habit Hatch.app */ = {isa = PBXFileReference; explicitFileType = wrapper.application; includeInIndex = 0; path = "Habit Hatch.app"; sourceTree = BUILT_PRODUCTS_DIR; };
		0CDB6B3D2BF98AFD00871BCF /* habit_hatchersApp.swift */ = {isa = PBXFileReference; lastKnownFileType = sourcecode.swift; path = habit_hatchersApp.swift; sourceTree = "<group>"; };
		0CDB6B3F2BF98AFD00871BCF /* ContentView.swift */ = {isa = PBXFileReference; lastKnownFileType = sourcecode.swift; path = ContentView.swift; sourceTree = "<group>"; };
		0CDB6B412BF98AFE00871BCF /* Assets.xcassets */ = {isa = PBXFileReference; lastKnownFileType = folder.assetcatalog; path = Assets.xcassets; sourceTree = "<group>"; };
		0CDB6B442BF98AFE00871BCF /* Preview Assets.xcassets */ = {isa = PBXFileReference; lastKnownFileType = folder.assetcatalog; path = "Preview Assets.xcassets"; sourceTree = "<group>"; };
		0CDB6B4A2BF98AFE00871BCF /* habit-hatchersTests.xctest */ = {isa = PBXFileReference; explicitFileType = wrapper.cfbundle; includeInIndex = 0; path = "habit-hatchersTests.xctest"; sourceTree = BUILT_PRODUCTS_DIR; };
		0CDB6B4E2BF98AFE00871BCF /* habit_hatchersTests.swift */ = {isa = PBXFileReference; lastKnownFileType = sourcecode.swift; path = habit_hatchersTests.swift; sourceTree = "<group>"; };
		0CDB6B542BF98AFE00871BCF /* habit-hatchersUITests.xctest */ = {isa = PBXFileReference; explicitFileType = wrapper.cfbundle; includeInIndex = 0; path = "habit-hatchersUITests.xctest"; sourceTree = BUILT_PRODUCTS_DIR; };
		0CDB6B582BF98AFE00871BCF /* habit_hatchersUITests.swift */ = {isa = PBXFileReference; lastKnownFileType = sourcecode.swift; path = habit_hatchersUITests.swift; sourceTree = "<group>"; };
		0CDB6B5A2BF98AFE00871BCF /* habit_hatchersUITestsLaunchTests.swift */ = {isa = PBXFileReference; lastKnownFileType = sourcecode.swift; path = habit_hatchersUITestsLaunchTests.swift; sourceTree = "<group>"; };
		0CDF802C2C33CBB50064FCA6 /* Habit.swift */ = {isa = PBXFileReference; lastKnownFileType = sourcecode.swift; path = Habit.swift; sourceTree = "<group>"; };
		0CDF80342C3521850064FCA6 /* AddEggView.swift */ = {isa = PBXFileReference; lastKnownFileType = sourcecode.swift; path = AddEggView.swift; sourceTree = "<group>"; };
		0CDF803C2C3648430064FCA6 /* FileUtils.swift */ = {isa = PBXFileReference; lastKnownFileType = sourcecode.swift; path = FileUtils.swift; sourceTree = "<group>"; };
		0CE068AE2C55286C00078176 /* NotificationHandler.swift */ = {isa = PBXFileReference; lastKnownFileType = sourcecode.swift; path = NotificationHandler.swift; sourceTree = "<group>"; };
/* End PBXFileReference section */

/* Begin PBXFrameworksBuildPhase section */
		0CDB6B372BF98AFD00871BCF /* Frameworks */ = {
			isa = PBXFrameworksBuildPhase;
			buildActionMask = 2147483647;
			files = (
			);
			runOnlyForDeploymentPostprocessing = 0;
		};
		0CDB6B472BF98AFE00871BCF /* Frameworks */ = {
			isa = PBXFrameworksBuildPhase;
			buildActionMask = 2147483647;
			files = (
			);
			runOnlyForDeploymentPostprocessing = 0;
		};
		0CDB6B512BF98AFE00871BCF /* Frameworks */ = {
			isa = PBXFrameworksBuildPhase;
			buildActionMask = 2147483647;
			files = (
			);
			runOnlyForDeploymentPostprocessing = 0;
		};
/* End PBXFrameworksBuildPhase section */

/* Begin PBXGroup section */
		0C4A51642C3BC58900E8B007 /* Views */ = {
			isa = PBXGroup;
			children = (
				0CDF80342C3521850064FCA6 /* AddEggView.swift */,
				0C4A51662C3BC60600E8B007 /* SettingsView.swift */,
				0C4A51702C4B260400E8B007 /* EggDeletionConfirmationView.swift */,
				0C4A51682C3D655600E8B007 /* HabitInfoView.swift */,
				0CABD86D2C105C5E00282FAF /* HabitLaunchScreen.swift */,
				0CABD85C2C0E71C400282FAF /* SplashScreenView.swift */,
				0CDB6B3F2BF98AFD00871BCF /* ContentView.swift */,
			);
			path = Views;
			sourceTree = "<group>";
		};
		0C4A51652C3BC5AA00E8B007 /* Components */ = {
			isa = PBXGroup;
			children = (
				0C6415352C3650BC000B2776 /* HabitViewModel.swift */,
				0CDF802C2C33CBB50064FCA6 /* Habit.swift */,
				0CDF803C2C3648430064FCA6 /* FileUtils.swift */,
				0C5626A12C328C8F0014FBCA /* MultiGestureButton.swift */,
				0C09635B2BFE7ADB001A5135 /* HabitEggButton.swift */,
				0C4A516A2C3F9C6900E8B007 /* SettingsEggElement.swift */,
			);
			path = Components;
			sourceTree = "<group>";
		};
		0CABD8652C0E746E00282FAF /* Font */ = {
			isa = PBXGroup;
			children = (
				0CABD86B2C0E761900282FAF /* Inika-Bold.ttf */,
				0CABD8662C0E748E00282FAF /* Inika-Regular.ttf */,
			);
			path = Font;
			sourceTree = "<group>";
		};
		0CDB6B312BF98AFD00871BCF = {
			isa = PBXGroup;
			children = (
				0CDB6B3C2BF98AFD00871BCF /* habit-hatchers */,
				0CDB6B4D2BF98AFE00871BCF /* habit-hatchersTests */,
				0CDB6B572BF98AFE00871BCF /* habit-hatchersUITests */,
				0CDB6B3B2BF98AFD00871BCF /* Products */,
			);
			sourceTree = "<group>";
		};
		0CDB6B3B2BF98AFD00871BCF /* Products */ = {
			isa = PBXGroup;
			children = (
				0CDB6B3A2BF98AFD00871BCF /* Habit Hatch.app */,
				0CDB6B4A2BF98AFE00871BCF /* habit-hatchersTests.xctest */,
				0CDB6B542BF98AFE00871BCF /* habit-hatchersUITests.xctest */,
			);
			name = Products;
			sourceTree = "<group>";
		};
		0CDB6B3C2BF98AFD00871BCF /* habit-hatchers */ = {
			isa = PBXGroup;
			children = (
				0CABD86A2C0E751200282FAF /* Info.plist */,
				0CABD8652C0E746E00282FAF /* Font */,
				0CDB6B3D2BF98AFD00871BCF /* habit_hatchersApp.swift */,
				0CE068AD2C55285A00078176 /* Handlers */,
				0C4A51642C3BC58900E8B007 /* Views */,
				0C4A51652C3BC5AA00E8B007 /* Components */,
				0CDB6B412BF98AFE00871BCF /* Assets.xcassets */,
				0CDB6B432BF98AFE00871BCF /* Preview Content */,
			);
			path = "habit-hatchers";
			sourceTree = "<group>";
		};
		0CDB6B432BF98AFE00871BCF /* Preview Content */ = {
			isa = PBXGroup;
			children = (
				0CDB6B442BF98AFE00871BCF /* Preview Assets.xcassets */,
			);
			path = "Preview Content";
			sourceTree = "<group>";
		};
		0CDB6B4D2BF98AFE00871BCF /* habit-hatchersTests */ = {
			isa = PBXGroup;
			children = (
				0CDB6B4E2BF98AFE00871BCF /* habit_hatchersTests.swift */,
			);
			path = "habit-hatchersTests";
			sourceTree = "<group>";
		};
		0CDB6B572BF98AFE00871BCF /* habit-hatchersUITests */ = {
			isa = PBXGroup;
			children = (
				0CDB6B582BF98AFE00871BCF /* habit_hatchersUITests.swift */,
				0CDB6B5A2BF98AFE00871BCF /* habit_hatchersUITestsLaunchTests.swift */,
			);
			path = "habit-hatchersUITests";
			sourceTree = "<group>";
		};
		0CE068AD2C55285A00078176 /* Handlers */ = {
			isa = PBXGroup;
			children = (
				0CE068AE2C55286C00078176 /* NotificationHandler.swift */,
			);
			path = Handlers;
			sourceTree = "<group>";
		};
/* End PBXGroup section */

/* Begin PBXNativeTarget section */
		0CDB6B392BF98AFD00871BCF /* habit-hatchers */ = {
			isa = PBXNativeTarget;
			buildConfigurationList = 0CDB6B5E2BF98AFE00871BCF /* Build configuration list for PBXNativeTarget "habit-hatchers" */;
			buildPhases = (
				0CDB6B362BF98AFD00871BCF /* Sources */,
				0CDB6B372BF98AFD00871BCF /* Frameworks */,
				0CDB6B382BF98AFD00871BCF /* Resources */,
			);
			buildRules = (
			);
			dependencies = (
			);
			name = "habit-hatchers";
			productName = "habit-hatchers";
			productReference = 0CDB6B3A2BF98AFD00871BCF /* Habit Hatch.app */;
			productType = "com.apple.product-type.application";
		};
		0CDB6B492BF98AFE00871BCF /* habit-hatchersTests */ = {
			isa = PBXNativeTarget;
			buildConfigurationList = 0CDB6B612BF98AFE00871BCF /* Build configuration list for PBXNativeTarget "habit-hatchersTests" */;
			buildPhases = (
				0CDB6B462BF98AFE00871BCF /* Sources */,
				0CDB6B472BF98AFE00871BCF /* Frameworks */,
				0CDB6B482BF98AFE00871BCF /* Resources */,
			);
			buildRules = (
			);
			dependencies = (
				0CDB6B4C2BF98AFE00871BCF /* PBXTargetDependency */,
			);
			name = "habit-hatchersTests";
			productName = "habit-hatchersTests";
			productReference = 0CDB6B4A2BF98AFE00871BCF /* habit-hatchersTests.xctest */;
			productType = "com.apple.product-type.bundle.unit-test";
		};
		0CDB6B532BF98AFE00871BCF /* habit-hatchersUITests */ = {
			isa = PBXNativeTarget;
			buildConfigurationList = 0CDB6B642BF98AFE00871BCF /* Build configuration list for PBXNativeTarget "habit-hatchersUITests" */;
			buildPhases = (
				0CDB6B502BF98AFE00871BCF /* Sources */,
				0CDB6B512BF98AFE00871BCF /* Frameworks */,
				0CDB6B522BF98AFE00871BCF /* Resources */,
			);
			buildRules = (
			);
			dependencies = (
				0CDB6B562BF98AFE00871BCF /* PBXTargetDependency */,
			);
			name = "habit-hatchersUITests";
			productName = "habit-hatchersUITests";
			productReference = 0CDB6B542BF98AFE00871BCF /* habit-hatchersUITests.xctest */;
			productType = "com.apple.product-type.bundle.ui-testing";
		};
/* End PBXNativeTarget section */

/* Begin PBXProject section */
		0CDB6B322BF98AFD00871BCF /* Project object */ = {
			isa = PBXProject;
			attributes = {
				BuildIndependentTargetsInParallel = 1;
				LastSwiftUpdateCheck = 1520;
				LastUpgradeCheck = 1520;
				TargetAttributes = {
					0CDB6B392BF98AFD00871BCF = {
						CreatedOnToolsVersion = 15.2;
					};
					0CDB6B492BF98AFE00871BCF = {
						CreatedOnToolsVersion = 15.2;
						TestTargetID = 0CDB6B392BF98AFD00871BCF;
					};
					0CDB6B532BF98AFE00871BCF = {
						CreatedOnToolsVersion = 15.2;
						TestTargetID = 0CDB6B392BF98AFD00871BCF;
					};
				};
			};
			buildConfigurationList = 0CDB6B352BF98AFD00871BCF /* Build configuration list for PBXProject "habit-hatchers" */;
			compatibilityVersion = "Xcode 14.0";
			developmentRegion = en;
			hasScannedForEncodings = 0;
			knownRegions = (
				en,
				Base,
			);
			mainGroup = 0CDB6B312BF98AFD00871BCF;
			productRefGroup = 0CDB6B3B2BF98AFD00871BCF /* Products */;
			projectDirPath = "";
			projectRoot = "";
			targets = (
				0CDB6B392BF98AFD00871BCF /* habit-hatchers */,
				0CDB6B492BF98AFE00871BCF /* habit-hatchersTests */,
				0CDB6B532BF98AFE00871BCF /* habit-hatchersUITests */,
			);
		};
/* End PBXProject section */

/* Begin PBXResourcesBuildPhase section */
		0CDB6B382BF98AFD00871BCF /* Resources */ = {
			isa = PBXResourcesBuildPhase;
			buildActionMask = 2147483647;
			files = (
				0CABD86C2C0E761900282FAF /* Inika-Bold.ttf in Resources */,
				0CDB6B452BF98AFE00871BCF /* Preview Assets.xcassets in Resources */,
				0CDB6B422BF98AFE00871BCF /* Assets.xcassets in Resources */,
				0CABD8672C0E748E00282FAF /* Inika-Regular.ttf in Resources */,
			);
			runOnlyForDeploymentPostprocessing = 0;
		};
		0CDB6B482BF98AFE00871BCF /* Resources */ = {
			isa = PBXResourcesBuildPhase;
			buildActionMask = 2147483647;
			files = (
			);
			runOnlyForDeploymentPostprocessing = 0;
		};
		0CDB6B522BF98AFE00871BCF /* Resources */ = {
			isa = PBXResourcesBuildPhase;
			buildActionMask = 2147483647;
			files = (
			);
			runOnlyForDeploymentPostprocessing = 0;
		};
/* End PBXResourcesBuildPhase section */

/* Begin PBXSourcesBuildPhase section */
		0CDB6B362BF98AFD00871BCF /* Sources */ = {
			isa = PBXSourcesBuildPhase;
			buildActionMask = 2147483647;
			files = (
				0CDF80352C3521850064FCA6 /* AddEggView.swift in Sources */,
				0C4A51692C3D655600E8B007 /* HabitInfoView.swift in Sources */,
				0CDB6B402BF98AFD00871BCF /* ContentView.swift in Sources */,
				0CDB6B3E2BF98AFD00871BCF /* habit_hatchersApp.swift in Sources */,
				0CDF803D2C3648430064FCA6 /* FileUtils.swift in Sources */,
				0C09635C2BFE7ADB001A5135 /* HabitEggButton.swift in Sources */,
				0C5626A22C328C8F0014FBCA /* MultiGestureButton.swift in Sources */,
				0CE068AF2C55286C00078176 /* NotificationHandler.swift in Sources */,
				0C6415362C3650BC000B2776 /* HabitViewModel.swift in Sources */,
				0CABD85D2C0E71C400282FAF /* SplashScreenView.swift in Sources */,
				0CDF802D2C33CBB50064FCA6 /* Habit.swift in Sources */,
				0C4A51712C4B260400E8B007 /* EggDeletionConfirmationView.swift in Sources */,
				0CABD86E2C105C5E00282FAF /* HabitLaunchScreen.swift in Sources */,
				0C4A516B2C3F9C6900E8B007 /* SettingsEggElement.swift in Sources */,
				0C4A51672C3BC60600E8B007 /* SettingsView.swift in Sources */,
			);
			runOnlyForDeploymentPostprocessing = 0;
		};
		0CDB6B462BF98AFE00871BCF /* Sources */ = {
			isa = PBXSourcesBuildPhase;
			buildActionMask = 2147483647;
			files = (
				0CDB6B4F2BF98AFE00871BCF /* habit_hatchersTests.swift in Sources */,
			);
			runOnlyForDeploymentPostprocessing = 0;
		};
		0CDB6B502BF98AFE00871BCF /* Sources */ = {
			isa = PBXSourcesBuildPhase;
			buildActionMask = 2147483647;
			files = (
				0CDB6B592BF98AFE00871BCF /* habit_hatchersUITests.swift in Sources */,
				0CDB6B5B2BF98AFE00871BCF /* habit_hatchersUITestsLaunchTests.swift in Sources */,
			);
			runOnlyForDeploymentPostprocessing = 0;
		};
/* End PBXSourcesBuildPhase section */

/* Begin PBXTargetDependency section */
		0CDB6B4C2BF98AFE00871BCF /* PBXTargetDependency */ = {
			isa = PBXTargetDependency;
			target = 0CDB6B392BF98AFD00871BCF /* habit-hatchers */;
			targetProxy = 0CDB6B4B2BF98AFE00871BCF /* PBXContainerItemProxy */;
		};
		0CDB6B562BF98AFE00871BCF /* PBXTargetDependency */ = {
			isa = PBXTargetDependency;
			target = 0CDB6B392BF98AFD00871BCF /* habit-hatchers */;
			targetProxy = 0CDB6B552BF98AFE00871BCF /* PBXContainerItemProxy */;
		};
/* End PBXTargetDependency section */

/* Begin XCBuildConfiguration section */
		0CDB6B5C2BF98AFE00871BCF /* Debug */ = {
			isa = XCBuildConfiguration;
			buildSettings = {
				ALWAYS_SEARCH_USER_PATHS = NO;
				ASSETCATALOG_COMPILER_GENERATE_SWIFT_ASSET_SYMBOL_EXTENSIONS = YES;
				CLANG_ANALYZER_NONNULL = YES;
				CLANG_ANALYZER_NUMBER_OBJECT_CONVERSION = YES_AGGRESSIVE;
				CLANG_CXX_LANGUAGE_STANDARD = "gnu++20";
				CLANG_ENABLE_MODULES = YES;
				CLANG_ENABLE_OBJC_ARC = YES;
				CLANG_ENABLE_OBJC_WEAK = YES;
				CLANG_WARN_BLOCK_CAPTURE_AUTORELEASING = YES;
				CLANG_WARN_BOOL_CONVERSION = YES;
				CLANG_WARN_COMMA = YES;
				CLANG_WARN_CONSTANT_CONVERSION = YES;
				CLANG_WARN_DEPRECATED_OBJC_IMPLEMENTATIONS = YES;
				CLANG_WARN_DIRECT_OBJC_ISA_USAGE = YES_ERROR;
				CLANG_WARN_DOCUMENTATION_COMMENTS = YES;
				CLANG_WARN_EMPTY_BODY = YES;
				CLANG_WARN_ENUM_CONVERSION = YES;
				CLANG_WARN_INFINITE_RECURSION = YES;
				CLANG_WARN_INT_CONVERSION = YES;
				CLANG_WARN_NON_LITERAL_NULL_CONVERSION = YES;
				CLANG_WARN_OBJC_IMPLICIT_RETAIN_SELF = YES;
				CLANG_WARN_OBJC_LITERAL_CONVERSION = YES;
				CLANG_WARN_OBJC_ROOT_CLASS = YES_ERROR;
				CLANG_WARN_QUOTED_INCLUDE_IN_FRAMEWORK_HEADER = YES;
				CLANG_WARN_RANGE_LOOP_ANALYSIS = YES;
				CLANG_WARN_STRICT_PROTOTYPES = YES;
				CLANG_WARN_SUSPICIOUS_MOVE = YES;
				CLANG_WARN_UNGUARDED_AVAILABILITY = YES_AGGRESSIVE;
				CLANG_WARN_UNREACHABLE_CODE = YES;
				CLANG_WARN__DUPLICATE_METHOD_MATCH = YES;
				COPY_PHASE_STRIP = NO;
				DEBUG_INFORMATION_FORMAT = dwarf;
				ENABLE_STRICT_OBJC_MSGSEND = YES;
				ENABLE_TESTABILITY = YES;
				ENABLE_USER_SCRIPT_SANDBOXING = YES;
				GCC_C_LANGUAGE_STANDARD = gnu17;
				GCC_DYNAMIC_NO_PIC = NO;
				GCC_NO_COMMON_BLOCKS = YES;
				GCC_OPTIMIZATION_LEVEL = 0;
				GCC_PREPROCESSOR_DEFINITIONS = (
					"DEBUG=1",
					"$(inherited)",
				);
				GCC_WARN_64_TO_32_BIT_CONVERSION = YES;
				GCC_WARN_ABOUT_RETURN_TYPE = YES_ERROR;
				GCC_WARN_UNDECLARED_SELECTOR = YES;
				GCC_WARN_UNINITIALIZED_AUTOS = YES_AGGRESSIVE;
				GCC_WARN_UNUSED_FUNCTION = YES;
				GCC_WARN_UNUSED_VARIABLE = YES;
				IPHONEOS_DEPLOYMENT_TARGET = 17.2;
				LOCALIZATION_PREFERS_STRING_CATALOGS = YES;
				MTL_ENABLE_DEBUG_INFO = INCLUDE_SOURCE;
				MTL_FAST_MATH = YES;
				ONLY_ACTIVE_ARCH = YES;
				SDKROOT = iphoneos;
				SWIFT_ACTIVE_COMPILATION_CONDITIONS = "DEBUG $(inherited)";
				SWIFT_OPTIMIZATION_LEVEL = "-Onone";
			};
			name = Debug;
		};
		0CDB6B5D2BF98AFE00871BCF /* Release */ = {
			isa = XCBuildConfiguration;
			buildSettings = {
				ALWAYS_SEARCH_USER_PATHS = NO;
				ASSETCATALOG_COMPILER_GENERATE_SWIFT_ASSET_SYMBOL_EXTENSIONS = YES;
				CLANG_ANALYZER_NONNULL = YES;
				CLANG_ANALYZER_NUMBER_OBJECT_CONVERSION = YES_AGGRESSIVE;
				CLANG_CXX_LANGUAGE_STANDARD = "gnu++20";
				CLANG_ENABLE_MODULES = YES;
				CLANG_ENABLE_OBJC_ARC = YES;
				CLANG_ENABLE_OBJC_WEAK = YES;
				CLANG_WARN_BLOCK_CAPTURE_AUTORELEASING = YES;
				CLANG_WARN_BOOL_CONVERSION = YES;
				CLANG_WARN_COMMA = YES;
				CLANG_WARN_CONSTANT_CONVERSION = YES;
				CLANG_WARN_DEPRECATED_OBJC_IMPLEMENTATIONS = YES;
				CLANG_WARN_DIRECT_OBJC_ISA_USAGE = YES_ERROR;
				CLANG_WARN_DOCUMENTATION_COMMENTS = YES;
				CLANG_WARN_EMPTY_BODY = YES;
				CLANG_WARN_ENUM_CONVERSION = YES;
				CLANG_WARN_INFINITE_RECURSION = YES;
				CLANG_WARN_INT_CONVERSION = YES;
				CLANG_WARN_NON_LITERAL_NULL_CONVERSION = YES;
				CLANG_WARN_OBJC_IMPLICIT_RETAIN_SELF = YES;
				CLANG_WARN_OBJC_LITERAL_CONVERSION = YES;
				CLANG_WARN_OBJC_ROOT_CLASS = YES_ERROR;
				CLANG_WARN_QUOTED_INCLUDE_IN_FRAMEWORK_HEADER = YES;
				CLANG_WARN_RANGE_LOOP_ANALYSIS = YES;
				CLANG_WARN_STRICT_PROTOTYPES = YES;
				CLANG_WARN_SUSPICIOUS_MOVE = YES;
				CLANG_WARN_UNGUARDED_AVAILABILITY = YES_AGGRESSIVE;
				CLANG_WARN_UNREACHABLE_CODE = YES;
				CLANG_WARN__DUPLICATE_METHOD_MATCH = YES;
				COPY_PHASE_STRIP = NO;
				DEBUG_INFORMATION_FORMAT = "dwarf-with-dsym";
				ENABLE_NS_ASSERTIONS = NO;
				ENABLE_STRICT_OBJC_MSGSEND = YES;
				ENABLE_USER_SCRIPT_SANDBOXING = YES;
				GCC_C_LANGUAGE_STANDARD = gnu17;
				GCC_NO_COMMON_BLOCKS = YES;
				GCC_WARN_64_TO_32_BIT_CONVERSION = YES;
				GCC_WARN_ABOUT_RETURN_TYPE = YES_ERROR;
				GCC_WARN_UNDECLARED_SELECTOR = YES;
				GCC_WARN_UNINITIALIZED_AUTOS = YES_AGGRESSIVE;
				GCC_WARN_UNUSED_FUNCTION = YES;
				GCC_WARN_UNUSED_VARIABLE = YES;
				IPHONEOS_DEPLOYMENT_TARGET = 17.2;
				LOCALIZATION_PREFERS_STRING_CATALOGS = YES;
				MTL_ENABLE_DEBUG_INFO = NO;
				MTL_FAST_MATH = YES;
				SDKROOT = iphoneos;
				SWIFT_COMPILATION_MODE = wholemodule;
				VALIDATE_PRODUCT = YES;
			};
			name = Release;
		};
		0CDB6B5F2BF98AFE00871BCF /* Debug */ = {
			isa = XCBuildConfiguration;
			buildSettings = {
				ASSETCATALOG_COMPILER_APPICON_NAME = AppIcon;
				ASSETCATALOG_COMPILER_GLOBAL_ACCENT_COLOR_NAME = AccentColor;
				CODE_SIGN_STYLE = Automatic;
				CURRENT_PROJECT_VERSION = 1;
				DEVELOPMENT_ASSET_PATHS = "\"habit-hatchers/Preview Content\"";
				DEVELOPMENT_TEAM = 3KWG22492J;
				ENABLE_PREVIEWS = YES;
				GENERATE_INFOPLIST_FILE = YES;
				INFOPLIST_FILE = "habit-hatchers/Info.plist";
				INFOPLIST_KEY_UIApplicationSceneManifest_Generation = YES;
				INFOPLIST_KEY_UIApplicationSupportsIndirectInputEvents = YES;
				INFOPLIST_KEY_UILaunchScreen_Generation = YES;
				INFOPLIST_KEY_UISupportedInterfaceOrientations = UIInterfaceOrientationPortrait;
				INFOPLIST_KEY_UISupportedInterfaceOrientations_iPad = "UIInterfaceOrientationPortrait UIInterfaceOrientationPortraitUpsideDown";
				LD_RUNPATH_SEARCH_PATHS = (
					"$(inherited)",
					"@executable_path/Frameworks",
				);
				MARKETING_VERSION = 1.0;
				PRODUCT_BUNDLE_IDENTIFIER = "com.tzojesse.habit-hatchers";
				PRODUCT_NAME = "Habit Hatch";
				SWIFT_EMIT_LOC_STRINGS = YES;
				SWIFT_VERSION = 5.0;
				TARGETED_DEVICE_FAMILY = "1,2";
			};
			name = Debug;
		};
		0CDB6B602BF98AFE00871BCF /* Release */ = {
			isa = XCBuildConfiguration;
			buildSettings = {
				ASSETCATALOG_COMPILER_APPICON_NAME = AppIcon;
				ASSETCATALOG_COMPILER_GLOBAL_ACCENT_COLOR_NAME = AccentColor;
				CODE_SIGN_STYLE = Automatic;
				CURRENT_PROJECT_VERSION = 1;
				DEVELOPMENT_ASSET_PATHS = "\"habit-hatchers/Preview Content\"";
				DEVELOPMENT_TEAM = 3KWG22492J;
				ENABLE_PREVIEWS = YES;
				GENERATE_INFOPLIST_FILE = YES;
				INFOPLIST_FILE = "habit-hatchers/Info.plist";
				INFOPLIST_KEY_UIApplicationSceneManifest_Generation = YES;
				INFOPLIST_KEY_UIApplicationSupportsIndirectInputEvents = YES;
				INFOPLIST_KEY_UILaunchScreen_Generation = YES;
				INFOPLIST_KEY_UISupportedInterfaceOrientations = UIInterfaceOrientationPortrait;
				INFOPLIST_KEY_UISupportedInterfaceOrientations_iPad = "UIInterfaceOrientationPortrait UIInterfaceOrientationPortraitUpsideDown";
				LD_RUNPATH_SEARCH_PATHS = (
					"$(inherited)",
					"@executable_path/Frameworks",
				);
				MARKETING_VERSION = 1.0;
				PRODUCT_BUNDLE_IDENTIFIER = "com.tzojesse.habit-hatchers";
				PRODUCT_NAME = "Habit Hatch";
				SWIFT_EMIT_LOC_STRINGS = YES;
				SWIFT_VERSION = 5.0;
				TARGETED_DEVICE_FAMILY = "1,2";
			};
			name = Release;
		};
		0CDB6B622BF98AFE00871BCF /* Debug */ = {
			isa = XCBuildConfiguration;
			buildSettings = {
				ALWAYS_EMBED_SWIFT_STANDARD_LIBRARIES = YES;
				BUNDLE_LOADER = "$(TEST_HOST)";
				CODE_SIGN_STYLE = Automatic;
				CURRENT_PROJECT_VERSION = 1;
				DEVELOPMENT_TEAM = 3KWG22492J;
				GENERATE_INFOPLIST_FILE = YES;
				IPHONEOS_DEPLOYMENT_TARGET = 17.2;
				MARKETING_VERSION = 1.0;
				PRODUCT_BUNDLE_IDENTIFIER = "com.tzojesse.habit-hatchersTests";
				PRODUCT_NAME = "$(TARGET_NAME)";
				SWIFT_EMIT_LOC_STRINGS = NO;
				SWIFT_VERSION = 5.0;
				TARGETED_DEVICE_FAMILY = "1,2";
				TEST_HOST = "$(BUILT_PRODUCTS_DIR)/habit-hatchers.app/$(BUNDLE_EXECUTABLE_FOLDER_PATH)/habit-hatchers";
			};
			name = Debug;
		};
		0CDB6B632BF98AFE00871BCF /* Release */ = {
			isa = XCBuildConfiguration;
			buildSettings = {
				ALWAYS_EMBED_SWIFT_STANDARD_LIBRARIES = YES;
				BUNDLE_LOADER = "$(TEST_HOST)";
				CODE_SIGN_STYLE = Automatic;
				CURRENT_PROJECT_VERSION = 1;
				DEVELOPMENT_TEAM = 3KWG22492J;
				GENERATE_INFOPLIST_FILE = YES;
				IPHONEOS_DEPLOYMENT_TARGET = 17.2;
				MARKETING_VERSION = 1.0;
				PRODUCT_BUNDLE_IDENTIFIER = "com.tzojesse.habit-hatchersTests";
				PRODUCT_NAME = "$(TARGET_NAME)";
				SWIFT_EMIT_LOC_STRINGS = NO;
				SWIFT_VERSION = 5.0;
				TARGETED_DEVICE_FAMILY = "1,2";
				TEST_HOST = "$(BUILT_PRODUCTS_DIR)/habit-hatchers.app/$(BUNDLE_EXECUTABLE_FOLDER_PATH)/habit-hatchers";
			};
			name = Release;
		};
		0CDB6B652BF98AFE00871BCF /* Debug */ = {
			isa = XCBuildConfiguration;
			buildSettings = {
				ALWAYS_EMBED_SWIFT_STANDARD_LIBRARIES = YES;
				CODE_SIGN_STYLE = Automatic;
				CURRENT_PROJECT_VERSION = 1;
				DEVELOPMENT_TEAM = 3KWG22492J;
				GENERATE_INFOPLIST_FILE = YES;
				MARKETING_VERSION = 1.0;
				PRODUCT_BUNDLE_IDENTIFIER = "com.tzojesse.habit-hatchersUITests";
				PRODUCT_NAME = "$(TARGET_NAME)";
				SWIFT_EMIT_LOC_STRINGS = NO;
				SWIFT_VERSION = 5.0;
				TARGETED_DEVICE_FAMILY = "1,2";
				TEST_TARGET_NAME = "habit-hatchers";
			};
			name = Debug;
		};
		0CDB6B662BF98AFE00871BCF /* Release */ = {
			isa = XCBuildConfiguration;
			buildSettings = {
				ALWAYS_EMBED_SWIFT_STANDARD_LIBRARIES = YES;
				CODE_SIGN_STYLE = Automatic;
				CURRENT_PROJECT_VERSION = 1;
				DEVELOPMENT_TEAM = 3KWG22492J;
				GENERATE_INFOPLIST_FILE = YES;
				MARKETING_VERSION = 1.0;
				PRODUCT_BUNDLE_IDENTIFIER = "com.tzojesse.habit-hatchersUITests";
				PRODUCT_NAME = "$(TARGET_NAME)";
				SWIFT_EMIT_LOC_STRINGS = NO;
				SWIFT_VERSION = 5.0;
				TARGETED_DEVICE_FAMILY = "1,2";
				TEST_TARGET_NAME = "habit-hatchers";
			};
			name = Release;
		};
/* End XCBuildConfiguration section */

/* Begin XCConfigurationList section */
		0CDB6B352BF98AFD00871BCF /* Build configuration list for PBXProject "habit-hatchers" */ = {
			isa = XCConfigurationList;
			buildConfigurations = (
				0CDB6B5C2BF98AFE00871BCF /* Debug */,
				0CDB6B5D2BF98AFE00871BCF /* Release */,
			);
			defaultConfigurationIsVisible = 0;
			defaultConfigurationName = Release;
		};
		0CDB6B5E2BF98AFE00871BCF /* Build configuration list for PBXNativeTarget "habit-hatchers" */ = {
			isa = XCConfigurationList;
			buildConfigurations = (
				0CDB6B5F2BF98AFE00871BCF /* Debug */,
				0CDB6B602BF98AFE00871BCF /* Release */,
			);
			defaultConfigurationIsVisible = 0;
			defaultConfigurationName = Release;
		};
		0CDB6B612BF98AFE00871BCF /* Build configuration list for PBXNativeTarget "habit-hatchersTests" */ = {
			isa = XCConfigurationList;
			buildConfigurations = (
				0CDB6B622BF98AFE00871BCF /* Debug */,
				0CDB6B632BF98AFE00871BCF /* Release */,
			);
			defaultConfigurationIsVisible = 0;
			defaultConfigurationName = Release;
		};
		0CDB6B642BF98AFE00871BCF /* Build configuration list for PBXNativeTarget "habit-hatchersUITests" */ = {
			isa = XCConfigurationList;
			buildConfigurations = (
				0CDB6B652BF98AFE00871BCF /* Debug */,
				0CDB6B662BF98AFE00871BCF /* Release */,
			);
			defaultConfigurationIsVisible = 0;
			defaultConfigurationName = Release;
		};
/* End XCConfigurationList section */
	};
	rootObject = 0CDB6B322BF98AFD00871BCF /* Project object */;
}
